
Microsoft Visual Studio Solution File, Format Version 12.00
# Visual Studio Version 17
VisualStudioVersion = 17.7.34024.191
MinimumVisualStudioVersion = 10.0.40219.1
Project("{FAE04EC0-301F-11D3-BF4B-00C04F79EFBC}") = "EmployeeDirectoryAPI2", "EmployeeDirectoryAPI2\EmployeeDirectoryAPI2.csproj", "{241B59C5-4D15-4577-A97B-FDB83D4E95E1}"
EndProject
Global
	GlobalSection(SolutionConfigurationPlatforms) = preSolution
		Debug|Any CPU = Debug|Any CPU
		Release|Any CPU = Release|Any CPU
	EndGlobalSection
	GlobalSection(ProjectConfigurationPlatforms) = postSolution
		{241B59C5-4D15-4577-A97B-FDB83D4E95E1}.Debug|Any CPU.ActiveCfg = Debug|Any CPU
		{241B59C5-4D15-4577-A97B-FDB83D4E95E1}.Debug|Any CPU.Build.0 = Debug|Any CPU
		{241B59C5-4D15-4577-A97B-FDB83D4E95E1}.Release|Any CPU.ActiveCfg = Release|Any CPU
		{241B59C5-4D15-4577-A97B-FDB83D4E95E1}.Release|Any CPU.Build.0 = Release|Any CPU
	EndGlobalSection
	GlobalSection(SolutionProperties) = preSolution
		HideSolutionNode = FALSE
	EndGlobalSection
	GlobalSection(ExtensibilityGlobals) = postSolution
		SolutionGuid = {8CE56FF1-AB4F-47C9-B37F-7D32019F129D}
	EndGlobalSection
EndGlobal
